<?xml version="1.0" encoding="utf-8"?>
<Project ToolsVersion="4.0" xmlns="http://schemas.microsoft.com/developer/msbuild/2003">
  <ItemGroup>
    <Filter Include="Examples">
      <UniqueIdentifier>{2f259e69-2be8-4254-8130-57a5d0a3e15e}</UniqueIdentifier>
    </Filter>
    <Filter Include="Sources">
      <UniqueIdentifier>{56ed900f-453f-4a69-b601-983e33c77f58}</UniqueIdentifier>
    </Filter>
    <Filter Include="Wrappers">
      <UniqueIdentifier>{8441c8b8-d52a-43f2-b4a8-9d6f37c7c26f}</UniqueIdentifier>
    </Filter>
  </ItemGroup>
  <ItemGroup>
    <ClInclude Include="Examples\PerformanceTest.h">
      <Filter>Examples</Filter>
    </ClInclude>
    <ClInclude Include="Examples\PerformanceTimer.h">
      <Filter>Examples</Filter>
    </ClInclude>
    <ClInclude Include="Sources\MemoryPool.h">
      <Filter>Sources</Filter>
    </ClInclude>
    <ClInclude Include="Wrappers\MemoryPoolAllocator.h">
      <Filter>Wrappers</Filter>
    </ClInclude>
    <ClInclude Include="Wrappers\StaticMemoryPool.h">
      <Filter>Wrappers</Filter>
    </ClInclude>
    <ClInclude Include="Wrappers\DynamicMemoryPool.h">
      <Filter>Wrappers</Filter>
    </ClInclude>
    <ClInclude Include="Wrappers\GrowingMemoryPool.h">
      <Filter>Wrappers</Filter>
    </ClInclude>
  </ItemGroup>
  <ItemGroup>
    <ClCompile Include="Examples\Set.cpp">
      <Filter>Examples</Filter>
    </ClCompile>
    <ClCompile Include="Examples\List.cpp">
      <Filter>Examples</Filter>
    </ClCompile>
    <ClCompile Include="Examples\Map.cpp">
      <Filter>Examples</Filter>
    </ClCompile>
    <ClCompile Include="Examples\PerformanceTest.cpp">
      <Filter>Examples</Filter>
    </ClCompile>
    <ClCompile Include="Sources\MemoryPool.c">
      <Filter>Sources</Filter>
    </ClCompile>
  </ItemGroup>
</Project>